
Microsoft Visual Studio Solution File, Format Version 12.00
# Visual Studio Version 17
VisualStudioVersion = 17.3.32819.101
MinimumVisualStudioVersion = 10.0.40219.1
Project("{FAE04EC0-301F-11D3-BF4B-00C04F79EFBC}") = "Kapitel 3 uppgift 3.16", "Kapitel 3 uppgift 3.16\Kapitel 3 uppgift 3.16.csproj", "{40226CD7-06BC-4141-91E1-9B92B5D9A17B}"
EndProject
Global
	GlobalSection(SolutionConfigurationPlatforms) = preSolution
		Debug|Any CPU = Debug|Any CPU
		Release|Any CPU = Release|Any CPU
	EndGlobalSection
	GlobalSection(ProjectConfigurationPlatforms) = postSolution
		{40226CD7-06BC-4141-91E1-9B92B5D9A17B}.Debug|Any CPU.ActiveCfg = Debug|Any CPU
		{40226CD7-06BC-4141-91E1-9B92B5D9A17B}.Debug|Any CPU.Build.0 = Debug|Any CPU
		{40226CD7-06BC-4141-91E1-9B92B5D9A17B}.Release|Any CPU.ActiveCfg = Release|Any CPU
		{40226CD7-06BC-4141-91E1-9B92B5D9A17B}.Release|Any CPU.Build.0 = Release|Any CPU
	EndGlobalSection
	GlobalSection(SolutionProperties) = preSolution
		HideSolutionNode = FALSE
	EndGlobalSection
	GlobalSection(ExtensibilityGlobals) = postSolution
		SolutionGuid = {590F1D5B-A455-4E87-BAD9-698D3BE8DC42}
	EndGlobalSection
EndGlobal
